
Microsoft Visual Studio Solution File, Format Version 12.00
# Visual Studio Version 17
VisualStudioVersion = 17.4.33205.214
MinimumVisualStudioVersion = 10.0.40219.1
Project("{9A19103F-16F7-4668-BE54-9A1E7A4F7556}") = "BookStoreAPI", "BookStoreAPI\BookStoreAPI.csproj", "{9CE708C1-C83F-4634-B031-1A956EEEE5DA}"
EndProject
Project("{9A19103F-16F7-4668-BE54-9A1E7A4F7556}") = "eBookStore", "eBookStore\eBookStore.csproj", "{C746FA5F-0E0F-4AC1-8BF5-B41A937E2085}"
EndProject
Project("{FAE04EC0-301F-11D3-BF4B-00C04F79EFBC}") = "DemoCallApiOnMobileApp.Android", "DemoCallApiOnMobileApp\DemoCallApiOnMobileApp.Android\DemoCallApiOnMobileApp.Android.csproj", "{0792B6F9-12AD-43E4-85E0-9B36C16D0F36}"
EndProject
Project("{FAE04EC0-301F-11D3-BF4B-00C04F79EFBC}") = "DemoCallApiOnMobileApp.iOS", "DemoCallApiOnMobileApp\DemoCallApiOnMobileApp.iOS\DemoCallApiOnMobileApp.iOS.csproj", "{892F8529-3597-46DC-B28A-734F6A06B8DC}"
EndProject
Project("{FAE04EC0-301F-11D3-BF4B-00C04F79EFBC}") = "DemoCallApiOnMobileApp", "DemoCallApiOnMobileApp\DemoCallApiOnMobileApp\DemoCallApiOnMobileApp.csproj", "{D718EDC7-9A1F-4B87-9DDD-3F1D81D5AABD}"
EndProject
Global
	GlobalSection(SolutionConfigurationPlatforms) = preSolution
		Debug|Any CPU = Debug|Any CPU
		Debug|iPhone = Debug|iPhone
		Debug|iPhoneSimulator = Debug|iPhoneSimulator
		Release|Any CPU = Release|Any CPU
		Release|iPhone = Release|iPhone
		Release|iPhoneSimulator = Release|iPhoneSimulator
	EndGlobalSection
	GlobalSection(ProjectConfigurationPlatforms) = postSolution
		{9CE708C1-C83F-4634-B031-1A956EEEE5DA}.Debug|Any CPU.ActiveCfg = Debug|Any CPU
		{9CE708C1-C83F-4634-B031-1A956EEEE5DA}.Debug|Any CPU.Build.0 = Debug|Any CPU
		{9CE708C1-C83F-4634-B031-1A956EEEE5DA}.Debug|iPhone.ActiveCfg = Debug|Any CPU
		{9CE708C1-C83F-4634-B031-1A956EEEE5DA}.Debug|iPhone.Build.0 = Debug|Any CPU
		{9CE708C1-C83F-4634-B031-1A956EEEE5DA}.Debug|iPhoneSimulator.ActiveCfg = Debug|Any CPU
		{9CE708C1-C83F-4634-B031-1A956EEEE5DA}.Debug|iPhoneSimulator.Build.0 = Debug|Any CPU
		{9CE708C1-C83F-4634-B031-1A956EEEE5DA}.Release|Any CPU.ActiveCfg = Release|Any CPU
		{9CE708C1-C83F-4634-B031-1A956EEEE5DA}.Release|Any CPU.Build.0 = Release|Any CPU
		{9CE708C1-C83F-4634-B031-1A956EEEE5DA}.Release|iPhone.ActiveCfg = Release|Any CPU
		{9CE708C1-C83F-4634-B031-1A956EEEE5DA}.Release|iPhone.Build.0 = Release|Any CPU
		{9CE708C1-C83F-4634-B031-1A956EEEE5DA}.Release|iPhoneSimulator.ActiveCfg = Release|Any CPU
		{9CE708C1-C83F-4634-B031-1A956EEEE5DA}.Release|iPhoneSimulator.Build.0 = Release|Any CPU
		{C746FA5F-0E0F-4AC1-8BF5-B41A937E2085}.Debug|Any CPU.ActiveCfg = Debug|Any CPU
		{C746FA5F-0E0F-4AC1-8BF5-B41A937E2085}.Debug|Any CPU.Build.0 = Debug|Any CPU
		{C746FA5F-0E0F-4AC1-8BF5-B41A937E2085}.Debug|iPhone.ActiveCfg = Debug|Any CPU
		{C746FA5F-0E0F-4AC1-8BF5-B41A937E2085}.Debug|iPhone.Build.0 = Debug|Any CPU
		{C746FA5F-0E0F-4AC1-8BF5-B41A937E2085}.Debug|iPhoneSimulator.ActiveCfg = Debug|Any CPU
		{C746FA5F-0E0F-4AC1-8BF5-B41A937E2085}.Debug|iPhoneSimulator.Build.0 = Debug|Any CPU
		{C746FA5F-0E0F-4AC1-8BF5-B41A937E2085}.Release|Any CPU.ActiveCfg = Release|Any CPU
		{C746FA5F-0E0F-4AC1-8BF5-B41A937E2085}.Release|Any CPU.Build.0 = Release|Any CPU
		{C746FA5F-0E0F-4AC1-8BF5-B41A937E2085}.Release|iPhone.ActiveCfg = Release|Any CPU
		{C746FA5F-0E0F-4AC1-8BF5-B41A937E2085}.Release|iPhone.Build.0 = Release|Any CPU
		{C746FA5F-0E0F-4AC1-8BF5-B41A937E2085}.Release|iPhoneSimulator.ActiveCfg = Release|Any CPU
		{C746FA5F-0E0F-4AC1-8BF5-B41A937E2085}.Release|iPhoneSimulator.Build.0 = Release|Any CPU
		{0792B6F9-12AD-43E4-85E0-9B36C16D0F36}.Debug|Any CPU.ActiveCfg = Debug|Any CPU
		{0792B6F9-12AD-43E4-85E0-9B36C16D0F36}.Debug|Any CPU.Build.0 = Debug|Any CPU
		{0792B6F9-12AD-43E4-85E0-9B36C16D0F36}.Debug|Any CPU.Deploy.0 = Debug|Any CPU
		{0792B6F9-12AD-43E4-85E0-9B36C16D0F36}.Debug|iPhone.ActiveCfg = Debug|Any CPU
		{0792B6F9-12AD-43E4-85E0-9B36C16D0F36}.Debug|iPhone.Build.0 = Debug|Any CPU
		{0792B6F9-12AD-43E4-85E0-9B36C16D0F36}.Debug|iPhone.Deploy.0 = Debug|Any CPU
		{0792B6F9-12AD-43E4-85E0-9B36C16D0F36}.Debug|iPhoneSimulator.ActiveCfg = Debug|Any CPU
		{0792B6F9-12AD-43E4-85E0-9B36C16D0F36}.Debug|iPhoneSimulator.Build.0 = Debug|Any CPU
		{0792B6F9-12AD-43E4-85E0-9B36C16D0F36}.Debug|iPhoneSimulator.Deploy.0 = Debug|Any CPU
		{0792B6F9-12AD-43E4-85E0-9B36C16D0F36}.Release|Any CPU.ActiveCfg = Release|Any CPU
		{0792B6F9-12AD-43E4-85E0-9B36C16D0F36}.Release|Any CPU.Build.0 = Release|Any CPU
		{0792B6F9-12AD-43E4-85E0-9B36C16D0F36}.Release|Any CPU.Deploy.0 = Release|Any CPU
		{0792B6F9-12AD-43E4-85E0-9B36C16D0F36}.Release|iPhone.ActiveCfg = Release|Any CPU
		{0792B6F9-12AD-43E4-85E0-9B36C16D0F36}.Release|iPhone.Build.0 = Release|Any CPU
		{0792B6F9-12AD-43E4-85E0-9B36C16D0F36}.Release|iPhone.Deploy.0 = Release|Any CPU
		{0792B6F9-12AD-43E4-85E0-9B36C16D0F36}.Release|iPhoneSimulator.ActiveCfg = Release|Any CPU
		{0792B6F9-12AD-43E4-85E0-9B36C16D0F36}.Release|iPhoneSimulator.Build.0 = Release|Any CPU
		{0792B6F9-12AD-43E4-85E0-9B36C16D0F36}.Release|iPhoneSimulator.Deploy.0 = Release|Any CPU
		{892F8529-3597-46DC-B28A-734F6A06B8DC}.Debug|Any CPU.ActiveCfg = Debug|iPhoneSimulator
		{892F8529-3597-46DC-B28A-734F6A06B8DC}.Debug|Any CPU.Build.0 = Debug|iPhoneSimulator
		{892F8529-3597-46DC-B28A-734F6A06B8DC}.Debug|iPhone.ActiveCfg = Debug|iPhone
		{892F8529-3597-46DC-B28A-734F6A06B8DC}.Debug|iPhone.Build.0 = Debug|iPhone
		{892F8529-3597-46DC-B28A-734F6A06B8DC}.Debug|iPhoneSimulator.ActiveCfg = Debug|iPhoneSimulator
		{892F8529-3597-46DC-B28A-734F6A06B8DC}.Debug|iPhoneSimulator.Build.0 = Debug|iPhoneSimulator
		{892F8529-3597-46DC-B28A-734F6A06B8DC}.Release|Any CPU.ActiveCfg = Release|iPhoneSimulator
		{892F8529-3597-46DC-B28A-734F6A06B8DC}.Release|Any CPU.Build.0 = Release|iPhoneSimulator
		{892F8529-3597-46DC-B28A-734F6A06B8DC}.Release|iPhone.ActiveCfg = Release|iPhone
		{892F8529-3597-46DC-B28A-734F6A06B8DC}.Release|iPhone.Build.0 = Release|iPhone
		{892F8529-3597-46DC-B28A-734F6A06B8DC}.Release|iPhoneSimulator.ActiveCfg = Release|iPhoneSimulator
		{892F8529-3597-46DC-B28A-734F6A06B8DC}.Release|iPhoneSimulator.Build.0 = Release|iPhoneSimulator
		{D718EDC7-9A1F-4B87-9DDD-3F1D81D5AABD}.Debug|Any CPU.ActiveCfg = Debug|Any CPU
		{D718EDC7-9A1F-4B87-9DDD-3F1D81D5AABD}.Debug|Any CPU.Build.0 = Debug|Any CPU
		{D718EDC7-9A1F-4B87-9DDD-3F1D81D5AABD}.Debug|iPhone.ActiveCfg = Debug|Any CPU
		{D718EDC7-9A1F-4B87-9DDD-3F1D81D5AABD}.Debug|iPhone.Build.0 = Debug|Any CPU
		{D718EDC7-9A1F-4B87-9DDD-3F1D81D5AABD}.Debug|iPhoneSimulator.ActiveCfg = Debug|Any CPU
		{D718EDC7-9A1F-4B87-9DDD-3F1D81D5AABD}.Debug|iPhoneSimulator.Build.0 = Debug|Any CPU
		{D718EDC7-9A1F-4B87-9DDD-3F1D81D5AABD}.Release|Any CPU.ActiveCfg = Release|Any CPU
		{D718EDC7-9A1F-4B87-9DDD-3F1D81D5AABD}.Release|Any CPU.Build.0 = Release|Any CPU
		{D718EDC7-9A1F-4B87-9DDD-3F1D81D5AABD}.Release|iPhone.ActiveCfg = Release|Any CPU
		{D718EDC7-9A1F-4B87-9DDD-3F1D81D5AABD}.Release|iPhone.Build.0 = Release|Any CPU
		{D718EDC7-9A1F-4B87-9DDD-3F1D81D5AABD}.Release|iPhoneSimulator.ActiveCfg = Release|Any CPU
		{D718EDC7-9A1F-4B87-9DDD-3F1D81D5AABD}.Release|iPhoneSimulator.Build.0 = Release|Any CPU
	EndGlobalSection
	GlobalSection(SolutionProperties) = preSolution
		HideSolutionNode = FALSE
	EndGlobalSection
	GlobalSection(ExtensibilityGlobals) = postSolution
		SolutionGuid = {4AF4FAC2-34D9-4564-AB55-1C0CD1F22EE0}
	EndGlobalSection
EndGlobal
